
Microsoft Visual Studio Solution File, Format Version 12.00
# Visual Studio Version 17
VisualStudioVersion = 17.11.35312.102
MinimumVisualStudioVersion = 10.0.40219.1
Project("{FAE04EC0-301F-11D3-BF4B-00C04F79EFBC}") = "githubproyecto", "githubproyecto\githubproyecto.csproj", "{8CAAC1DF-DDA4-40BE-A453-CD865DF3D0E3}"
EndProject
Global
	GlobalSection(SolutionConfigurationPlatforms) = preSolution
		Debug|Any CPU = Debug|Any CPU
		Release|Any CPU = Release|Any CPU
	EndGlobalSection
	GlobalSection(ProjectConfigurationPlatforms) = postSolution
		{8CAAC1DF-DDA4-40BE-A453-CD865DF3D0E3}.Debug|Any CPU.ActiveCfg = Debug|Any CPU
		{8CAAC1DF-DDA4-40BE-A453-CD865DF3D0E3}.Debug|Any CPU.Build.0 = Debug|Any CPU
		{8CAAC1DF-DDA4-40BE-A453-CD865DF3D0E3}.Release|Any CPU.ActiveCfg = Release|Any CPU
		{8CAAC1DF-DDA4-40BE-A453-CD865DF3D0E3}.Release|Any CPU.Build.0 = Release|Any CPU
	EndGlobalSection
	GlobalSection(SolutionProperties) = preSolution
		HideSolutionNode = FALSE
	EndGlobalSection
	GlobalSection(ExtensibilityGlobals) = postSolution
		SolutionGuid = {8EC16ED7-0F75-44F9-BC91-054C0C0D6A7C}
	EndGlobalSection
EndGlobal
